PODS:
  - SwiftGoogleTranslate (0.2.1)
  - SwiftLint (0.38.0)

DEPENDENCIES:
  - SwiftGoogleTranslate
  - SwiftLint

SPEC REPOS:
  trunk:
    - SwiftGoogleTranslate
    - SwiftLint

SPEC CHECKSUMS:
  SwiftGoogleTranslate: 96960d3548e800e15b347518afca546d2edc8519
  SwiftLint: 4105f061f9812b214568b736dab580ab2c73a582

PODFILE CHECKSUM: d58d61d802cea21aea53cc0c243c434e9220482e

COCOAPODS: 1.8.4
